<?xml version="1.0" encoding="utf-8"?>
<Project ToolsVersion="4.0" xmlns="http://schemas.microsoft.com/developer/msbuild/2003">
  <ItemGroup>
    <ClInclude Include="engine_input.h">
      <Filter>engine</Filter>
    </ClInclude>
    <ClInclude Include="engine_intrinsics.h">
      <Filter>engine</Filter>
    </ClInclude>
    <ClInclude Include="engine_math.h">
      <Filter>engine</Filter>
    </ClInclude>
    <ClInclude Include="engine_memory.h">
      <Filter>engine</Filter>
    </ClInclude>
    <ClInclude Include="engine_platform.h">
      <Filter>engine</Filter>
    </ClInclude>
    <ClInclude Include="engine_render.h">
      <Filter>engine</Filter>
    </ClInclude>
    <ClInclude Include="engine_types.h">
      <Filter>engine</Filter>
    </ClInclude>
    <ClInclude Include="win32_render_opengl.h" />
    <ClInclude Include="engine_list.h">
      <Filter>engine</Filter>
    </ClInclude>
    <ClInclude Include="engine_physics.h">
      <Filter>engine</Filter>
    </ClInclude>
    <ClInclude Include="game.h">
      <Filter>game</Filter>
    </ClInclude>
    <ClInclude Include="game_internal.h">
      <Filter>game</Filter>
    </ClInclude>
  </ItemGroup>
  <ItemGroup>
    <ClCompile Include="win32_editor.cpp" />
    <ClCompile Include="win32_render_opengl.cpp" />
    <ClCompile Include="engine_physics.cpp">
      <Filter>engine</Filter>
    </ClCompile>
    <ClCompile Include="game.cpp">
      <Filter>game</Filter>
    </ClCompile>
  </ItemGroup>
  <ItemGroup>
    <Filter Include="engine">
      <UniqueIdentifier>{7fa917b1-aa39-42a3-8f3e-8fa0002395b9}</UniqueIdentifier>
    </Filter>
    <Filter Include="game">
      <UniqueIdentifier>{ea3e02c0-e237-4557-b2a5-281d4945f73a}</UniqueIdentifier>
    </Filter>
  </ItemGroup>
  <ItemGroup>
    <Text Include="todo.txt" />
  </ItemGroup>
</Project>